{
    "_readme": [
        "This file locks the dependencies of your project to a known state",
        "Read more about it at http://getcomposer.org/doc/01-basic-usage.md#composer-lock-the-lock-file"
    ],
    "hash": "d84a0a9b1d0b3d787bf1d23b8cb12945",
    "packages": [
        {
            "name": "codeliner/zf2-cqrs-module",
            "version": "dev-master",
            "source": {
                "type": "git",
                "url": "https://github.com/codeliner/zf2-cqrs-module.git",
                "reference": "f7c3d98564f9ba877789c2a9afd0e91a460d544c"
            },
            "dist": {
                "type": "zip",
                "url": "https://api.github.com/repos/codeliner/zf2-cqrs-module/zipball/f7c3d98564f9ba877789c2a9afd0e91a460d544c",
                "reference": "f7c3d98564f9ba877789c2a9afd0e91a460d544c",
                "shasum": ""
            },
            "require": {
                "crafics/cqrs-php": "dev-master",
                "php": ">=5.4.0",
                "zendframework/zendframework": "2.*"
            },
            "type": "library",
            "autoload": {
                "psr-0": {
                    "CqrsModule\\": "src/"
                }
            },
            "notification-url": "https://packagist.org/downloads/",
            "license": [
                "BSD-3-Clause"
            ],
            "authors": [
                {
                    "name": "Alexander Miertsch",
                    "email": "kontakt@codeliner.ws",
                    "homepage": "http://www.codeliner.ws/"
                }
            ],
            "description": "PHP CQRS integration for Zend Framework 2",
            "homepage": "http://www.codeliner.ws/",
            "keywords": [
                "cqrs",
                "framework",
                "zf2"
            ],
            "time": "2013-10-16 21:18:04"
        },
        {
            "name": "crafics/cqrs-php",
            "version": "dev-master",
            "source": {
                "type": "git",
                "url": "https://github.com/crafics/cqrs-php.git",
                "reference": "b2780542f84ac7b474b30e1481f15f7cb8f7686c"
            },
            "dist": {
                "type": "zip",
                "url": "https://api.github.com/repos/crafics/cqrs-php/zipball/b2780542f84ac7b474b30e1481f15f7cb8f7686c",
                "reference": "b2780542f84ac7b474b30e1481f15f7cb8f7686c",
                "shasum": ""
            },
            "require-dev": {
                "phpunit/phpunit": "3.7.*"
            },
            "type": "library",
            "autoload": {
                "psr-0": {
                    "Test\\": "tests/",
                    "Iteration\\": "iterations/",
                    "Cqrs\\": "src/"
                }
            },
            "notification-url": "https://packagist.org/downloads/",
            "license": [
                "BSD-3-Clause"
            ],
            "authors": [
                {
                    "name": "Alexander Miertsch",
                    "email": "kontakt@codeliner.ws",
                    "homepage": "http://www.codeliner.ws/"
                },
                {
                    "name": "Manfred Weber",
                    "email": "crafics@php.net",
                    "homepage": "http://dschini.org/"
                }
            ],
            "description": "PHP CQRS Framework",
            "homepage": "https://github.com/crafics/cqrs-php/",
            "keywords": [
                "cqrs",
                "framework",
                "php"
            ],
            "time": "2013-11-09 20:48:41"
        },
        {
            "name": "mwillbanks/zfc-twitter-bootstrap",
            "version": "dev-master",
            "source": {
                "type": "git",
                "url": "https://github.com/mwillbanks/ZfcTwitterBootstrap.git",
                "reference": "e3ee2072dfe6be0b862102a84dc0c26bba655cf4"
            },
            "dist": {
                "type": "zip",
                "url": "https://api.github.com/repos/mwillbanks/ZfcTwitterBootstrap/zipball/e3ee2072dfe6be0b862102a84dc0c26bba655cf4",
                "reference": "e3ee2072dfe6be0b862102a84dc0c26bba655cf4",
                "shasum": ""
            },
            "require": {
                "php": ">=5.3.3",
                "zendframework/zend-filter": "2.*",
                "zendframework/zend-form": "2.*",
                "zendframework/zend-navigation": "2.*",
                "zendframework/zend-view": "2.*"
            },
            "require-dev": {
                "phpunit/phpunit": ">=3.7.7",
                "zendframework/zendframework": "2.*"
            },
            "type": "library",
            "autoload": {
                "psr-0": {
                    "ZfcTwitterBootstrap": "src/"
                },
                "classmap": [
                    "./"
                ]
            },
            "notification-url": "https://packagist.org/downloads/",
            "authors": [
                {
                    "name": "Mike Willbanks",
                    "email": "mike@digitalstruct.com",
                    "homepage": "http://blog.digitalstruct.com/"
                }
            ],
            "description": "A module that assists in implementing Twitter Bootstrap for ZF2",
            "homepage": "https://github.com/mwillbanks/ZfcTwitterBootstrap",
            "keywords": [
                "twBootstrap",
                "twitter bootstrap",
                "zf2"
            ],
            "time": "2013-07-23 19:40:34"
        },
        {
            "name": "zendframework/zendframework",
            "version": "dev-master",
            "source": {
                "type": "git",
                "url": "https://github.com/zendframework/zf2.git",
                "reference": "51243078310e795719d488174503a43e00d931a5"
            },
            "dist": {
                "type": "zip",
                "url": "https://api.github.com/repos/zendframework/zf2/zipball/51243078310e795719d488174503a43e00d931a5",
                "reference": "51243078310e795719d488174503a43e00d931a5",
                "shasum": ""
            },
            "require": {
                "php": ">=5.3.3"
            },
            "replace": {
                "zendframework/zend-authentication": "self.version",
                "zendframework/zend-barcode": "self.version",
                "zendframework/zend-cache": "self.version",
                "zendframework/zend-captcha": "self.version",
                "zendframework/zend-code": "self.version",
                "zendframework/zend-config": "self.version",
                "zendframework/zend-console": "self.version",
                "zendframework/zend-crypt": "self.version",
                "zendframework/zend-db": "self.version",
                "zendframework/zend-debug": "self.version",
                "zendframework/zend-di": "self.version",
                "zendframework/zend-dom": "self.version",
                "zendframework/zend-escaper": "self.version",
                "zendframework/zend-eventmanager": "self.version",
                "zendframework/zend-feed": "self.version",
                "zendframework/zend-file": "self.version",
                "zendframework/zend-filter": "self.version",
                "zendframework/zend-form": "self.version",
                "zendframework/zend-http": "self.version",
                "zendframework/zend-i18n": "self.version",
                "zendframework/zend-inputfilter": "self.version",
                "zendframework/zend-json": "self.version",
                "zendframework/zend-ldap": "self.version",
                "zendframework/zend-loader": "self.version",
                "zendframework/zend-log": "self.version",
                "zendframework/zend-mail": "self.version",
                "zendframework/zend-math": "self.version",
                "zendframework/zend-memory": "self.version",
                "zendframework/zend-mime": "self.version",
                "zendframework/zend-modulemanager": "self.version",
                "zendframework/zend-mvc": "self.version",
                "zendframework/zend-navigation": "self.version",
                "zendframework/zend-paginator": "self.version",
                "zendframework/zend-permissions-acl": "self.version",
                "zendframework/zend-permissions-rbac": "self.version",
                "zendframework/zend-progressbar": "self.version",
                "zendframework/zend-resources": "self.version",
                "zendframework/zend-serializer": "self.version",
                "zendframework/zend-server": "self.version",
                "zendframework/zend-servicemanager": "self.version",
                "zendframework/zend-session": "self.version",
                "zendframework/zend-soap": "self.version",
                "zendframework/zend-stdlib": "self.version",
                "zendframework/zend-tag": "self.version",
                "zendframework/zend-test": "self.version",
                "zendframework/zend-text": "self.version",
                "zendframework/zend-uri": "self.version",
                "zendframework/zend-validator": "self.version",
                "zendframework/zend-version": "self.version",
                "zendframework/zend-view": "self.version",
                "zendframework/zend-xmlrpc": "self.version"
            },
            "require-dev": {
                "doctrine/annotations": ">=1.0",
                "fabpot/php-cs-fixer": "*@dev",
                "ircmaxell/random-lib": "dev-master",
                "ircmaxell/security-lib": "dev-master",
                "ocramius/proxy-manager": "0.4.*",
                "phpunit/phpunit": "3.7.*"
            },
            "suggest": {
                "doctrine/annotations": "Doctrine Annotations >=1.0 for annotation features",
                "ext-intl": "ext/intl for i18n features (included in default builds of PHP)",
                "ircmaxell/random-lib": "Fallback random byte generator for Zend\\Math\\Rand if OpenSSL/Mcrypt extensions are unavailable",
                "ocramius/proxy-manager": "ProxyManager to handle lazy initialization of services",
                "zendframework/zendpdf": "ZendPdf for creating PDF representations of barcodes",
                "zendframework/zendservice-recaptcha": "ZendService\\ReCaptcha for rendering ReCaptchas in Zend\\Captcha and/or Zend\\Form"
            },
            "bin": [
                "bin/classmap_generator.php",
                "bin/pluginmap_generator.php",
                "bin/templatemap_generator.php"
            ],
            "type": "library",
            "extra": {
                "branch-alias": {
                    "dev-master": "2.2-dev",
                    "dev-develop": "2.3-dev"
                }
            },
            "autoload": {
                "psr-0": {
                    "Zend\\": "library/"
                }
            },
            "notification-url": "https://packagist.org/downloads/",
            "license": [
                "BSD-3-Clause"
            ],
            "description": "Zend Framework 2",
            "homepage": "http://framework.zend.com/",
            "keywords": [
                "framework",
                "zf2"
            ],
            "time": "2013-11-07 15:26:47"
        }
    ],
    "packages-dev": [

    ],
    "aliases": [

    ],
    "minimum-stability": "dev",
    "stability-flags": {
        "codeliner/zf2-cqrs-module": 20,
        "mwillbanks/zfc-twitter-bootstrap": 20
    },
    "platform": {
        "php": ">=5.4"
    },
    "platform-dev": [

    ]
}
